
Microsoft Visual Studio Solution File, Format Version 12.00
# Visual Studio Version 16
VisualStudioVersion = 16.0.31306.274
MinimumVisualStudioVersion = 10.0.40219.1
Project("{FAE04EC0-301F-11D3-BF4B-00C04F79EFBC}") = "ErrorCraft.Nbt", "ErrorCraft.Nbt\ErrorCraft.Nbt.csproj", "{C7653ADA-ACD9-4432-8F10-CE7620FCFA47}"
EndProject
Project("{FAE04EC0-301F-11D3-BF4B-00C04F79EFBC}") = "ErrorCraft.Nbt.Tests", "ErrorCraft.Nbt.Tests\ErrorCraft.Nbt.Tests.csproj", "{325907A5-52C8-42E2-86B3-9049CF597E1F}"
EndProject
Global
	GlobalSection(SolutionConfigurationPlatforms) = preSolution
		Debug|Any CPU = Debug|Any CPU
		Release|Any CPU = Release|Any CPU
	EndGlobalSection
	GlobalSection(ProjectConfigurationPlatforms) = postSolution
		{C7653ADA-ACD9-4432-8F10-CE7620FCFA47}.Debug|Any CPU.ActiveCfg = Debug|Any CPU
		{C7653ADA-ACD9-4432-8F10-CE7620FCFA47}.Debug|Any CPU.Build.0 = Debug|Any CPU
		{C7653ADA-ACD9-4432-8F10-CE7620FCFA47}.Release|Any CPU.ActiveCfg = Release|Any CPU
		{C7653ADA-ACD9-4432-8F10-CE7620FCFA47}.Release|Any CPU.Build.0 = Release|Any CPU
		{325907A5-52C8-42E2-86B3-9049CF597E1F}.Debug|Any CPU.ActiveCfg = Debug|Any CPU
		{325907A5-52C8-42E2-86B3-9049CF597E1F}.Debug|Any CPU.Build.0 = Debug|Any CPU
		{325907A5-52C8-42E2-86B3-9049CF597E1F}.Release|Any CPU.ActiveCfg = Release|Any CPU
		{325907A5-52C8-42E2-86B3-9049CF597E1F}.Release|Any CPU.Build.0 = Release|Any CPU
	EndGlobalSection
	GlobalSection(SolutionProperties) = preSolution
		HideSolutionNode = FALSE
	EndGlobalSection
	GlobalSection(ExtensibilityGlobals) = postSolution
		SolutionGuid = {7A2908A0-81F4-4E76-A796-71978F334E27}
	EndGlobalSection
EndGlobal
